go.starlark.net v0.0.0-20181203220515-5c7d5aa7ed56 h1:/5TdeU7c/0vG509Rh4i48fN8To1RzQFjkDmRsOoX864=
go.starlark.net v0.0.0-20181203220515-5c7d5aa7ed56/go.mod h1:c1/X6cHgvdXj6pUlmWKMkuqRnW4K8x2vwt6JAaaircg=
go.starlark.net v0.0.0-20190808202859-1a17001102fe h1:zgzx+mQQnYVnB/sTj3kIOi909LEOvyvayIyNXq2nb9Q=
go.starlark.net v0.0.0-20190808202859-1a17001102fe/go.mod h1:c1/X6cHgvdXj6pUlmWKMkuqRnW4K8x2vwt6JAaaircg=
